// !$*UTF8*$!
{
	archiveVersion = 1;
	classes = {
	};
	objectVersion = 56;
	objects = {

/* Begin PBXBuildFile section */
		CF33CDA12AAB9F9B004B1C44 /* LaunchScreen.storyboard in Resources */ = {isa = PBXBuildFile; fileRef = CF33CDA02AAB9F9B004B1C44 /* LaunchScreen.storyboard */; };
		CFDCF01A2AA464E300007404 /* brandsInDisguiseApp.swift in Sources */ = {isa = PBXBuildFile; fileRef = CFDCF0192AA464E300007404 /* brandsInDisguiseApp.swift */; };
		CFDCF01C2AA464E300007404 /* MainView.swift in Sources */ = {isa = PBXBuildFile; fileRef = CFDCF01B2AA464E300007404 /* MainView.swift */; };
		CFDCF01E2AA464E500007404 /* Assets.xcassets in Resources */ = {isa = PBXBuildFile; fileRef = CFDCF01D2AA464E500007404 /* Assets.xcassets */; };
		CFDCF0212AA464E500007404 /* Preview Assets.xcassets in Resources */ = {isa = PBXBuildFile; fileRef = CFDCF0202AA464E500007404 /* Preview Assets.xcassets */; };
		CFDCF0282AA465F200007404 /* DataSource.swift in Sources */ = {isa = PBXBuildFile; fileRef = CFDCF0272AA465F200007404 /* DataSource.swift */; };
		CFDCF02D2AA4896200007404 /* BrandView.swift in Sources */ = {isa = PBXBuildFile; fileRef = CFDCF02C2AA4896200007404 /* BrandView.swift */; };
		CFDCF02F2AA497DC00007404 /* DetailsView.swift in Sources */ = {isa = PBXBuildFile; fileRef = CFDCF02E2AA497DC00007404 /* DetailsView.swift */; };
		CFDCF0312AA5B8D900007404 /* SettingsView.swift in Sources */ = {isa = PBXBuildFile; fileRef = CFDCF0302AA5B8D900007404 /* SettingsView.swift */; };
		CFDCF0332AA5B9B100007404 /* SettingView.swift in Sources */ = {isa = PBXBuildFile; fileRef = CFDCF0322AA5B9B100007404 /* SettingView.swift */; };
/* End PBXBuildFile section */

/* Begin PBXFileReference section */
		CF33CDA02AAB9F9B004B1C44 /* LaunchScreen.storyboard */ = {isa = PBXFileReference; lastKnownFileType = file.storyboard; path = LaunchScreen.storyboard; sourceTree = "<group>"; };
		CFDCF0162AA464E300007404 /* brandsInDisguise.app */ = {isa = PBXFileReference; explicitFileType = wrapper.application; includeInIndex = 0; path = brandsInDisguise.app; sourceTree = BUILT_PRODUCTS_DIR; };
		CFDCF0192AA464E300007404 /* brandsInDisguiseApp.swift */ = {isa = PBXFileReference; lastKnownFileType = sourcecode.swift; path = brandsInDisguiseApp.swift; sourceTree = "<group>"; };
		CFDCF01B2AA464E300007404 /* MainView.swift */ = {isa = PBXFileReference; lastKnownFileType = sourcecode.swift; path = MainView.swift; sourceTree = "<group>"; };
		CFDCF01D2AA464E500007404 /* Assets.xcassets */ = {isa = PBXFileReference; lastKnownFileType = folder.assetcatalog; path = Assets.xcassets; sourceTree = "<group>"; };
		CFDCF0202AA464E500007404 /* Preview Assets.xcassets */ = {isa = PBXFileReference; lastKnownFileType = folder.assetcatalog; path = "Preview Assets.xcassets"; sourceTree = "<group>"; };
		CFDCF0272AA465F200007404 /* DataSource.swift */ = {isa = PBXFileReference; lastKnownFileType = sourcecode.swift; path = DataSource.swift; sourceTree = "<group>"; };
		CFDCF02C2AA4896200007404 /* BrandView.swift */ = {isa = PBXFileReference; lastKnownFileType = sourcecode.swift; path = BrandView.swift; sourceTree = "<group>"; };
		CFDCF02E2AA497DC00007404 /* DetailsView.swift */ = {isa = PBXFileReference; lastKnownFileType = sourcecode.swift; path = DetailsView.swift; sourceTree = "<group>"; };
		CFDCF0302AA5B8D900007404 /* SettingsView.swift */ = {isa = PBXFileReference; lastKnownFileType = sourcecode.swift; path = SettingsView.swift; sourceTree = "<group>"; };
		CFDCF0322AA5B9B100007404 /* SettingView.swift */ = {isa = PBXFileReference; lastKnownFileType = sourcecode.swift; path = SettingView.swift; sourceTree = "<group>"; };
/* End PBXFileReference section */

/* Begin PBXFrameworksBuildPhase section */
		CFDCF0132AA464E300007404 /* Frameworks */ = {
			isa = PBXFrameworksBuildPhase;
			buildActionMask = 2147483647;
			files = (
			);
			runOnlyForDeploymentPostprocessing = 0;
		};
/* End PBXFrameworksBuildPhase section */

/* Begin PBXGroup section */
		CF33CD9F2AAB9F88004B1C44 /* Resources */ = {
			isa = PBXGroup;
			children = (
				CF33CDA02AAB9F9B004B1C44 /* LaunchScreen.storyboard */,
				CFDCF01D2AA464E500007404 /* Assets.xcassets */,
			);
			path = Resources;
			sourceTree = "<group>";
		};
		CFDCF00D2AA464E300007404 = {
			isa = PBXGroup;
			children = (
				CFDCF0182AA464E300007404 /* brandsInDisguise */,
				CFDCF0172AA464E300007404 /* Products */,
			);
			sourceTree = "<group>";
		};
		CFDCF0172AA464E300007404 /* Products */ = {
			isa = PBXGroup;
			children = (
				CFDCF0162AA464E300007404 /* brandsInDisguise.app */,
			);
			name = Products;
			sourceTree = "<group>";
		};
		CFDCF0182AA464E300007404 /* brandsInDisguise */ = {
			isa = PBXGroup;
			children = (
				CFDCF0192AA464E300007404 /* brandsInDisguiseApp.swift */,
				CFDCF0292AA465F800007404 /* Model */,
				CFDCF0342AA5C5C800007404 /* Service */,
				CFDCF02A2AA465FF00007404 /* View */,
				CF33CD9F2AAB9F88004B1C44 /* Resources */,
				CFDCF01F2AA464E500007404 /* Preview Content */,
			);
			path = brandsInDisguise;
			sourceTree = "<group>";
		};
		CFDCF01F2AA464E500007404 /* Preview Content */ = {
			isa = PBXGroup;
			children = (
				CFDCF0202AA464E500007404 /* Preview Assets.xcassets */,
			);
			path = "Preview Content";
			sourceTree = "<group>";
		};
		CFDCF0292AA465F800007404 /* Model */ = {
			isa = PBXGroup;
			children = (
				CFDCF0272AA465F200007404 /* DataSource.swift */,
			);
			path = Model;
			sourceTree = "<group>";
		};
		CFDCF02A2AA465FF00007404 /* View */ = {
			isa = PBXGroup;
			children = (
				CFDCF02C2AA4896200007404 /* BrandView.swift */,
				CFDCF02E2AA497DC00007404 /* DetailsView.swift */,
				CFDCF01B2AA464E300007404 /* MainView.swift */,
				CFDCF0302AA5B8D900007404 /* SettingsView.swift */,
				CFDCF0322AA5B9B100007404 /* SettingView.swift */,
			);
			path = View;
			sourceTree = "<group>";
		};
		CFDCF0342AA5C5C800007404 /* Service */ = {
			isa = PBXGroup;
			children = (
			);
			path = Service;
			sourceTree = "<group>";
		};
/* End PBXGroup section */

/* Begin PBXNativeTarget section */
		CFDCF0152AA464E300007404 /* brandsInDisguise */ = {
			isa = PBXNativeTarget;
			buildConfigurationList = CFDCF0242AA464E500007404 /* Build configuration list for PBXNativeTarget "brandsInDisguise" */;
			buildPhases = (
				CFDCF0122AA464E300007404 /* Sources */,
				CFDCF0132AA464E300007404 /* Frameworks */,
				CFDCF0142AA464E300007404 /* Resources */,
			);
			buildRules = (
			);
			dependencies = (
			);
			name = brandsInDisguise;
			productName = brandsInDisguise;
			productReference = CFDCF0162AA464E300007404 /* brandsInDisguise.app */;
			productType = "com.apple.product-type.application";
		};
/* End PBXNativeTarget section */

/* Begin PBXProject section */
		CFDCF00E2AA464E300007404 /* Project object */ = {
			isa = PBXProject;
			attributes = {
				BuildIndependentTargetsInParallel = 1;
				LastSwiftUpdateCheck = 1500;
				LastUpgradeCheck = 1500;
				TargetAttributes = {
					CFDCF0152AA464E300007404 = {
						CreatedOnToolsVersion = 15.0;
					};
				};
			};
			buildConfigurationList = CFDCF0112AA464E300007404 /* Build configuration list for PBXProject "brandsInDisguise" */;
			compatibilityVersion = "Xcode 14.0";
			developmentRegion = en;
			hasScannedForEncodings = 0;
			knownRegions = (
				en,
				Base,
			);
			mainGroup = CFDCF00D2AA464E300007404;
			productRefGroup = CFDCF0172AA464E300007404 /* Products */;
			projectDirPath = "";
			projectRoot = "";
			targets = (
				CFDCF0152AA464E300007404 /* brandsInDisguise */,
			);
		};
/* End PBXProject section */

/* Begin PBXResourcesBuildPhase section */
		CFDCF0142AA464E300007404 /* Resources */ = {
			isa = PBXResourcesBuildPhase;
			buildActionMask = 2147483647;
			files = (
				CF33CDA12AAB9F9B004B1C44 /* LaunchScreen.storyboard in Resources */,
				CFDCF0212AA464E500007404 /* Preview Assets.xcassets in Resources */,
				CFDCF01E2AA464E500007404 /* Assets.xcassets in Resources */,
			);
			runOnlyForDeploymentPostprocessing = 0;
		};
/* End PBXResourcesBuildPhase section */

/* Begin PBXSourcesBuildPhase section */
		CFDCF0122AA464E300007404 /* Sources */ = {
			isa = PBXSourcesBuildPhase;
			buildActionMask = 2147483647;
			files = (
				CFDCF02D2AA4896200007404 /* BrandView.swift in Sources */,
				CFDCF02F2AA497DC00007404 /* DetailsView.swift in Sources */,
				CFDCF0282AA465F200007404 /* DataSource.swift in Sources */,
				CFDCF0332AA5B9B100007404 /* SettingView.swift in Sources */,
				CFDCF0312AA5B8D900007404 /* SettingsView.swift in Sources */,
				CFDCF01C2AA464E300007404 /* MainView.swift in Sources */,
				CFDCF01A2AA464E300007404 /* brandsInDisguiseApp.swift in Sources */,
			);
			runOnlyForDeploymentPostprocessing = 0;
		};
/* End PBXSourcesBuildPhase section */

/* Begin XCBuildConfiguration section */
		CFDCF0222AA464E500007404 /* Debug */ = {
			isa = XCBuildConfiguration;
			buildSettings = {
				ALWAYS_SEARCH_USER_PATHS = NO;
				ASSETCATALOG_COMPILER_GENERATE_SWIFT_ASSET_SYMBOL_EXTENSIONS = YES;
				CLANG_ANALYZER_NONNULL = YES;
				CLANG_ANALYZER_NUMBER_OBJECT_CONVERSION = YES_AGGRESSIVE;
				CLANG_CXX_LANGUAGE_STANDARD = "gnu++20";
				CLANG_ENABLE_MODULES = YES;
				CLANG_ENABLE_OBJC_ARC = YES;
				CLANG_ENABLE_OBJC_WEAK = YES;
				CLANG_WARN_BLOCK_CAPTURE_AUTORELEASING = YES;
				CLANG_WARN_BOOL_CONVERSION = YES;
				CLANG_WARN_COMMA = YES;
				CLANG_WARN_CONSTANT_CONVERSION = YES;
				CLANG_WARN_DEPRECATED_OBJC_IMPLEMENTATIONS = YES;
				CLANG_WARN_DIRECT_OBJC_ISA_USAGE = YES_ERROR;
				CLANG_WARN_DOCUMENTATION_COMMENTS = YES;
				CLANG_WARN_EMPTY_BODY = YES;
				CLANG_WARN_ENUM_CONVERSION = YES;
				CLANG_WARN_INFINITE_RECURSION = YES;
				CLANG_WARN_INT_CONVERSION = YES;
				CLANG_WARN_NON_LITERAL_NULL_CONVERSION = YES;
				CLANG_WARN_OBJC_IMPLICIT_RETAIN_SELF = YES;
				CLANG_WARN_OBJC_LITERAL_CONVERSION = YES;
				CLANG_WARN_OBJC_ROOT_CLASS = YES_ERROR;
				CLANG_WARN_QUOTED_INCLUDE_IN_FRAMEWORK_HEADER = YES;
				CLANG_WARN_RANGE_LOOP_ANALYSIS = YES;
				CLANG_WARN_STRICT_PROTOTYPES = YES;
				CLANG_WARN_SUSPICIOUS_MOVE = YES;
				CLANG_WARN_UNGUARDED_AVAILABILITY = YES_AGGRESSIVE;
				CLANG_WARN_UNREACHABLE_CODE = YES;
				CLANG_WARN__DUPLICATE_METHOD_MATCH = YES;
				COPY_PHASE_STRIP = NO;
				DEBUG_INFORMATION_FORMAT = dwarf;
				ENABLE_STRICT_OBJC_MSGSEND = YES;
				ENABLE_TESTABILITY = YES;
				ENABLE_USER_SCRIPT_SANDBOXING = YES;
				GCC_C_LANGUAGE_STANDARD = gnu17;
				GCC_DYNAMIC_NO_PIC = NO;
				GCC_NO_COMMON_BLOCKS = YES;
				GCC_OPTIMIZATION_LEVEL = 0;
				GCC_PREPROCESSOR_DEFINITIONS = (
					"DEBUG=1",
					"$(inherited)",
				);
				GCC_WARN_64_TO_32_BIT_CONVERSION = YES;
				GCC_WARN_ABOUT_RETURN_TYPE = YES_ERROR;
				GCC_WARN_UNDECLARED_SELECTOR = YES;
				GCC_WARN_UNINITIALIZED_AUTOS = YES_AGGRESSIVE;
				GCC_WARN_UNUSED_FUNCTION = YES;
				GCC_WARN_UNUSED_VARIABLE = YES;
				IPHONEOS_DEPLOYMENT_TARGET = 15.2;
				LOCALIZATION_PREFERS_STRING_CATALOGS = YES;
				MTL_ENABLE_DEBUG_INFO = INCLUDE_SOURCE;
				MTL_FAST_MATH = YES;
				ONLY_ACTIVE_ARCH = YES;
				SDKROOT = iphoneos;
				SWIFT_ACTIVE_COMPILATION_CONDITIONS = "DEBUG $(inherited)";
				SWIFT_OPTIMIZATION_LEVEL = "-Onone";
			};
			name = Debug;
		};
		CFDCF0232AA464E500007404 /* Release */ = {
			isa = XCBuildConfiguration;
			buildSettings = {
				ALWAYS_SEARCH_USER_PATHS = NO;
				ASSETCATALOG_COMPILER_GENERATE_SWIFT_ASSET_SYMBOL_EXTENSIONS = YES;
				CLANG_ANALYZER_NONNULL = YES;
				CLANG_ANALYZER_NUMBER_OBJECT_CONVERSION = YES_AGGRESSIVE;
				CLANG_CXX_LANGUAGE_STANDARD = "gnu++20";
				CLANG_ENABLE_MODULES = YES;
				CLANG_ENABLE_OBJC_ARC = YES;
				CLANG_ENABLE_OBJC_WEAK = YES;
				CLANG_WARN_BLOCK_CAPTURE_AUTORELEASING = YES;
				CLANG_WARN_BOOL_CONVERSION = YES;
				CLANG_WARN_COMMA = YES;
				CLANG_WARN_CONSTANT_CONVERSION = YES;
				CLANG_WARN_DEPRECATED_OBJC_IMPLEMENTATIONS = YES;
				CLANG_WARN_DIRECT_OBJC_ISA_USAGE = YES_ERROR;
				CLANG_WARN_DOCUMENTATION_COMMENTS = YES;
				CLANG_WARN_EMPTY_BODY = YES;
				CLANG_WARN_ENUM_CONVERSION = YES;
				CLANG_WARN_INFINITE_RECURSION = YES;
				CLANG_WARN_INT_CONVERSION = YES;
				CLANG_WARN_NON_LITERAL_NULL_CONVERSION = YES;
				CLANG_WARN_OBJC_IMPLICIT_RETAIN_SELF = YES;
				CLANG_WARN_OBJC_LITERAL_CONVERSION = YES;
				CLANG_WARN_OBJC_ROOT_CLASS = YES_ERROR;
				CLANG_WARN_QUOTED_INCLUDE_IN_FRAMEWORK_HEADER = YES;
				CLANG_WARN_RANGE_LOOP_ANALYSIS = YES;
				CLANG_WARN_STRICT_PROTOTYPES = YES;
				CLANG_WARN_SUSPICIOUS_MOVE = YES;
				CLANG_WARN_UNGUARDED_AVAILABILITY = YES_AGGRESSIVE;
				CLANG_WARN_UNREACHABLE_CODE = YES;
				CLANG_WARN__DUPLICATE_METHOD_MATCH = YES;
				COPY_PHASE_STRIP = NO;
				DEBUG_INFORMATION_FORMAT = "dwarf-with-dsym";
				ENABLE_NS_ASSERTIONS = NO;
				ENABLE_STRICT_OBJC_MSGSEND = YES;
				ENABLE_USER_SCRIPT_SANDBOXING = YES;
				GCC_C_LANGUAGE_STANDARD = gnu17;
				GCC_NO_COMMON_BLOCKS = YES;
				GCC_WARN_64_TO_32_BIT_CONVERSION = YES;
				GCC_WARN_ABOUT_RETURN_TYPE = YES_ERROR;
				GCC_WARN_UNDECLARED_SELECTOR = YES;
				GCC_WARN_UNINITIALIZED_AUTOS = YES_AGGRESSIVE;
				GCC_WARN_UNUSED_FUNCTION = YES;
				GCC_WARN_UNUSED_VARIABLE = YES;
				IPHONEOS_DEPLOYMENT_TARGET = 15.2;
				LOCALIZATION_PREFERS_STRING_CATALOGS = YES;
				MTL_ENABLE_DEBUG_INFO = NO;
				MTL_FAST_MATH = YES;
				SDKROOT = iphoneos;
				SWIFT_COMPILATION_MODE = wholemodule;
				VALIDATE_PRODUCT = YES;
			};
			name = Release;
		};
		CFDCF0252AA464E500007404 /* Debug */ = {
			isa = XCBuildConfiguration;
			buildSettings = {
				ASSETCATALOG_COMPILER_APPICON_NAME = AppIcon;
				ASSETCATALOG_COMPILER_GLOBAL_ACCENT_COLOR_NAME = AccentColor;
				CODE_SIGN_STYLE = Automatic;
				CURRENT_PROJECT_VERSION = 1;
				DEVELOPMENT_ASSET_PATHS = "\"brandsInDisguise/Preview Content\"";
				DEVELOPMENT_TEAM = 73YFFUD89Y;
				ENABLE_PREVIEWS = YES;
				GENERATE_INFOPLIST_FILE = YES;
				INFOPLIST_KEY_CFBundleDisplayName = "Brands In Disguise";
				INFOPLIST_KEY_LSApplicationCategoryType = "public.app-category.shopping";
				INFOPLIST_KEY_UIApplicationSceneManifest_Generation = YES;
				INFOPLIST_KEY_UIApplicationSupportsIndirectInputEvents = YES;
				INFOPLIST_KEY_UILaunchScreen_Generation = YES;
				INFOPLIST_KEY_UILaunchStoryboardName = LaunchScreen.storyboard;
				INFOPLIST_KEY_UISupportedInterfaceOrientations = "UIInterfaceOrientationLandscapeLeft UIInterfaceOrientationLandscapeRight UIInterfaceOrientationPortrait UIInterfaceOrientationPortraitUpsideDown";
				IPHONEOS_DEPLOYMENT_TARGET = 15.2;
				LD_RUNPATH_SEARCH_PATHS = (
					"$(inherited)",
					"@executable_path/Frameworks",
				);
				MARKETING_VERSION = 1.0;
				PRODUCT_BUNDLE_IDENTIFIER = com.frostfell.brandsInDisguise;
				PRODUCT_NAME = "$(TARGET_NAME)";
				SUPPORTED_PLATFORMS = "iphoneos iphonesimulator";
				SUPPORTS_MACCATALYST = NO;
				SUPPORTS_MAC_DESIGNED_FOR_IPHONE_IPAD = NO;
				SUPPORTS_XR_DESIGNED_FOR_IPHONE_IPAD = NO;
				SWIFT_EMIT_LOC_STRINGS = YES;
				SWIFT_VERSION = 5.0;
				TARGETED_DEVICE_FAMILY = 1;
			};
			name = Debug;
		};
		CFDCF0262AA464E500007404 /* Release */ = {
			isa = XCBuildConfiguration;
			buildSettings = {
				ASSETCATALOG_COMPILER_APPICON_NAME = AppIcon;
				ASSETCATALOG_COMPILER_GLOBAL_ACCENT_COLOR_NAME = AccentColor;
				CODE_SIGN_STYLE = Automatic;
				CURRENT_PROJECT_VERSION = 1;
				DEVELOPMENT_ASSET_PATHS = "\"brandsInDisguise/Preview Content\"";
				DEVELOPMENT_TEAM = 73YFFUD89Y;
				ENABLE_PREVIEWS = YES;
				GENERATE_INFOPLIST_FILE = YES;
				INFOPLIST_KEY_CFBundleDisplayName = "Brands In Disguise";
				INFOPLIST_KEY_LSApplicationCategoryType = "public.app-category.shopping";
				INFOPLIST_KEY_UIApplicationSceneManifest_Generation = YES;
				INFOPLIST_KEY_UIApplicationSupportsIndirectInputEvents = YES;
				INFOPLIST_KEY_UILaunchScreen_Generation = YES;
				INFOPLIST_KEY_UILaunchStoryboardName = LaunchScreen.storyboard;
				INFOPLIST_KEY_UISupportedInterfaceOrientations = "UIInterfaceOrientationLandscapeLeft UIInterfaceOrientationLandscapeRight UIInterfaceOrientationPortrait UIInterfaceOrientationPortraitUpsideDown";
				IPHONEOS_DEPLOYMENT_TARGET = 15.2;
				LD_RUNPATH_SEARCH_PATHS = (
					"$(inherited)",
					"@executable_path/Frameworks",
				);
				MARKETING_VERSION = 1.0;
				PRODUCT_BUNDLE_IDENTIFIER = com.frostfell.brandsInDisguise;
				PRODUCT_NAME = "$(TARGET_NAME)";
				SUPPORTED_PLATFORMS = "iphoneos iphonesimulator";
				SUPPORTS_MACCATALYST = NO;
				SUPPORTS_MAC_DESIGNED_FOR_IPHONE_IPAD = NO;
				SUPPORTS_XR_DESIGNED_FOR_IPHONE_IPAD = NO;
				SWIFT_EMIT_LOC_STRINGS = YES;
				SWIFT_VERSION = 5.0;
				TARGETED_DEVICE_FAMILY = 1;
			};
			name = Release;
		};
/* End XCBuildConfiguration section */

/* Begin XCConfigurationList section */
		CFDCF0112AA464E300007404 /* Build configuration list for PBXProject "brandsInDisguise" */ = {
			isa = XCConfigurationList;
			buildConfigurations = (
				CFDCF0222AA464E500007404 /* Debug */,
				CFDCF0232AA464E500007404 /* Release */,
			);
			defaultConfigurationIsVisible = 0;
			defaultConfigurationName = Release;
		};
		CFDCF0242AA464E500007404 /* Build configuration list for PBXNativeTarget "brandsInDisguise" */ = {
			isa = XCConfigurationList;
			buildConfigurations = (
				CFDCF0252AA464E500007404 /* Debug */,
				CFDCF0262AA464E500007404 /* Release */,
			);
			defaultConfigurationIsVisible = 0;
			defaultConfigurationName = Release;
		};
/* End XCConfigurationList section */
	};
	rootObject = CFDCF00E2AA464E300007404 /* Project object */;
}
